
Microsoft Visual Studio Solution File, Format Version 12.00
# Visual Studio Version 16
VisualStudioVersion = 16.0.30413.136
MinimumVisualStudioVersion = 10.0.40219.1
Project("{9A19103F-16F7-4668-BE54-9A1E7A4F7556}") = "C20 Ex03 Roe 313510489 Omer 206126138", "C20 Ex03 Roe 313510489 Omer 206126138\C20 Ex03 Roe 313510489 Omer 206126138.csproj", "{8BC1C231-3774-448A-9552-B26DC6DC0BEA}"
EndProject
Global
	GlobalSection(SolutionConfigurationPlatforms) = preSolution
		Debug|Any CPU = Debug|Any CPU
		Release|Any CPU = Release|Any CPU
	EndGlobalSection
	GlobalSection(ProjectConfigurationPlatforms) = postSolution
		{8BC1C231-3774-448A-9552-B26DC6DC0BEA}.Debug|Any CPU.ActiveCfg = Debug|Any CPU
		{8BC1C231-3774-448A-9552-B26DC6DC0BEA}.Debug|Any CPU.Build.0 = Debug|Any CPU
		{8BC1C231-3774-448A-9552-B26DC6DC0BEA}.Release|Any CPU.ActiveCfg = Release|Any CPU
		{8BC1C231-3774-448A-9552-B26DC6DC0BEA}.Release|Any CPU.Build.0 = Release|Any CPU
	EndGlobalSection
	GlobalSection(SolutionProperties) = preSolution
		HideSolutionNode = FALSE
	EndGlobalSection
	GlobalSection(ExtensibilityGlobals) = postSolution
		SolutionGuid = {376AF37A-9184-48C6-8A0B-8AB5356D9F82}
	EndGlobalSection
EndGlobal
