
Microsoft Visual Studio Solution File, Format Version 12.00
# Visual Studio Version 16
VisualStudioVersion = 16.0.29920.165
MinimumVisualStudioVersion = 10.0.40219.1
Project("{FAE04EC0-301F-11D3-BF4B-00C04F79EFBC}") = "Ex04.Menus.Interfaces", "Ex04.Menus.Interfaces\Ex04.Menus.Interfaces.csproj", "{2DA18254-5F20-4E36-9C34-860E359FCECF}"
EndProject
Project("{FAE04EC0-301F-11D3-BF4B-00C04F79EFBC}") = "Ex04.Menus.Delegates", "Ex04.Menus.Delegates\Ex04.Menus.Delegates.csproj", "{1064DC4E-CAB9-4983-8452-FDC011C46F7B}"
EndProject
Project("{FAE04EC0-301F-11D3-BF4B-00C04F79EFBC}") = "Ex04.Menus.Test", "Ex04.Menus.Test\Ex04.Menus.Test.csproj", "{46A04E92-63A3-4FA5-BC0F-F36ABC3727A3}"
EndProject
Global
	GlobalSection(SolutionConfigurationPlatforms) = preSolution
		Debug|Any CPU = Debug|Any CPU
		Release|Any CPU = Release|Any CPU
	EndGlobalSection
	GlobalSection(ProjectConfigurationPlatforms) = postSolution
		{2DA18254-5F20-4E36-9C34-860E359FCECF}.Debug|Any CPU.ActiveCfg = Debug|Any CPU
		{2DA18254-5F20-4E36-9C34-860E359FCECF}.Debug|Any CPU.Build.0 = Debug|Any CPU
		{2DA18254-5F20-4E36-9C34-860E359FCECF}.Release|Any CPU.ActiveCfg = Release|Any CPU
		{2DA18254-5F20-4E36-9C34-860E359FCECF}.Release|Any CPU.Build.0 = Release|Any CPU
		{1064DC4E-CAB9-4983-8452-FDC011C46F7B}.Debug|Any CPU.ActiveCfg = Debug|Any CPU
		{1064DC4E-CAB9-4983-8452-FDC011C46F7B}.Debug|Any CPU.Build.0 = Debug|Any CPU
		{1064DC4E-CAB9-4983-8452-FDC011C46F7B}.Release|Any CPU.ActiveCfg = Release|Any CPU
		{1064DC4E-CAB9-4983-8452-FDC011C46F7B}.Release|Any CPU.Build.0 = Release|Any CPU
		{46A04E92-63A3-4FA5-BC0F-F36ABC3727A3}.Debug|Any CPU.ActiveCfg = Debug|Any CPU
		{46A04E92-63A3-4FA5-BC0F-F36ABC3727A3}.Debug|Any CPU.Build.0 = Debug|Any CPU
		{46A04E92-63A3-4FA5-BC0F-F36ABC3727A3}.Release|Any CPU.ActiveCfg = Release|Any CPU
		{46A04E92-63A3-4FA5-BC0F-F36ABC3727A3}.Release|Any CPU.Build.0 = Release|Any CPU
	EndGlobalSection
	GlobalSection(SolutionProperties) = preSolution
		HideSolutionNode = FALSE
	EndGlobalSection
	GlobalSection(ExtensibilityGlobals) = postSolution
		SolutionGuid = {23048B4B-1D46-498F-8F5A-9BC48014CCB0}
	EndGlobalSection
EndGlobal
